
Microsoft Visual Studio Solution File, Format Version 12.00
# Visual Studio Version 16
VisualStudioVersion = 16.0.30621.155
MinimumVisualStudioVersion = 10.0.40219.1
Project("{8BC9CEB8-8B4A-11D0-8D11-00A0C91BC942}") = "Laba2_ООП", "Laba2_ООП\Laba2_ООП.vcxproj", "{E78DDC5B-EF8E-4313-B569-56331FC8F24E}"
EndProject
Global
	GlobalSection(SolutionConfigurationPlatforms) = preSolution
		Debug|x64 = Debug|x64
		Debug|x86 = Debug|x86
		Release|x64 = Release|x64
		Release|x86 = Release|x86
	EndGlobalSection
	GlobalSection(ProjectConfigurationPlatforms) = postSolution
		{E78DDC5B-EF8E-4313-B569-56331FC8F24E}.Debug|x64.ActiveCfg = Debug|x64
		{E78DDC5B-EF8E-4313-B569-56331FC8F24E}.Debug|x64.Build.0 = Debug|x64
		{E78DDC5B-EF8E-4313-B569-56331FC8F24E}.Debug|x86.ActiveCfg = Debug|Win32
		{E78DDC5B-EF8E-4313-B569-56331FC8F24E}.Debug|x86.Build.0 = Debug|Win32
		{E78DDC5B-EF8E-4313-B569-56331FC8F24E}.Release|x64.ActiveCfg = Release|x64
		{E78DDC5B-EF8E-4313-B569-56331FC8F24E}.Release|x64.Build.0 = Release|x64
		{E78DDC5B-EF8E-4313-B569-56331FC8F24E}.Release|x86.ActiveCfg = Release|Win32
		{E78DDC5B-EF8E-4313-B569-56331FC8F24E}.Release|x86.Build.0 = Release|Win32
	EndGlobalSection
	GlobalSection(SolutionProperties) = preSolution
		HideSolutionNode = FALSE
	EndGlobalSection
	GlobalSection(ExtensibilityGlobals) = postSolution
		SolutionGuid = {59100B8C-9129-419D-9BB2-1D2CEAE2EE5B}
	EndGlobalSection
EndGlobal
